// !$*UTF8*$!
{
	archiveVersion = 1;
	classes = {
	};
	objectVersion = 46;
	objects = {

/* Begin PBXBuildFile section */
		286CD2331BF1133A009BBD7F /* main.cpp in Sources */ = {isa = PBXBuildFile; fileRef = 286CD2321BF1133A009BBD7F /* main.cpp */; };
		286CD23B1BF12507009BBD7F /* io.cpp in Sources */ = {isa = PBXBuildFile; fileRef = 286CD2391BF12507009BBD7F /* io.cpp */; };
/* End PBXBuildFile section */

/* Begin PBXCopyFilesBuildPhase section */
		286CD22D1BF1133A009BBD7F /* CopyFiles */ = {
			isa = PBXCopyFilesBuildPhase;
			buildActionMask = 2147483647;
			dstPath = /usr/share/man/man1/;
			dstSubfolderSpec = 0;
			files = (
			);
			runOnlyForDeploymentPostprocessing = 1;
		};
/* End PBXCopyFilesBuildPhase section */

/* Begin PBXFileReference section */
		286CD22F1BF1133A009BBD7F /* Ensayos-CL */ = {isa = PBXFileReference; explicitFileType = "compiled.mach-o.executable"; includeInIndex = 0; path = "Ensayos-CL"; sourceTree = BUILT_PRODUCTS_DIR; };
		286CD2321BF1133A009BBD7F /* main.cpp */ = {isa = PBXFileReference; lastKnownFileType = sourcecode.cpp.cpp; path = main.cpp; sourceTree = "<group>"; };
		286CD2391BF12507009BBD7F /* io.cpp */ = {isa = PBXFileReference; fileEncoding = 4; lastKnownFileType = sourcecode.cpp.cpp; path = io.cpp; sourceTree = "<group>"; };
		286CD23A1BF12507009BBD7F /* io.hpp */ = {isa = PBXFileReference; fileEncoding = 4; lastKnownFileType = sourcecode.cpp.h; path = io.hpp; sourceTree = "<group>"; };
/* End PBXFileReference section */

/* Begin PBXFrameworksBuildPhase section */
		286CD22C1BF1133A009BBD7F /* Frameworks */ = {
			isa = PBXFrameworksBuildPhase;
			buildActionMask = 2147483647;
			files = (
			);
			runOnlyForDeploymentPostprocessing = 0;
		};
/* End PBXFrameworksBuildPhase section */

/* Begin PBXGroup section */
		286CD2261BF1133A009BBD7F = {
			isa = PBXGroup;
			children = (
				286CD2311BF1133A009BBD7F /* Ensayos-CL */,
				286CD2301BF1133A009BBD7F /* Products */,
			);
			sourceTree = "<group>";
		};
		286CD2301BF1133A009BBD7F /* Products */ = {
			isa = PBXGroup;
			children = (
				286CD22F1BF1133A009BBD7F /* Ensayos-CL */,
			);
			name = Products;
			sourceTree = "<group>";
		};
		286CD2311BF1133A009BBD7F /* Ensayos-CL */ = {
			isa = PBXGroup;
			children = (
				286CD2321BF1133A009BBD7F /* main.cpp */,
				286CD2391BF12507009BBD7F /* io.cpp */,
				286CD23A1BF12507009BBD7F /* io.hpp */,
			);
			path = "Ensayos-CL";
			sourceTree = "<group>";
		};
/* End PBXGroup section */

/* Begin PBXNativeTarget section */
		286CD22E1BF1133A009BBD7F /* Ensayos-CL */ = {
			isa = PBXNativeTarget;
			buildConfigurationList = 286CD2361BF1133A009BBD7F /* Build configuration list for PBXNativeTarget "Ensayos-CL" */;
			buildPhases = (
				286CD22B1BF1133A009BBD7F /* Sources */,
				286CD22C1BF1133A009BBD7F /* Frameworks */,
				286CD22D1BF1133A009BBD7F /* CopyFiles */,
			);
			buildRules = (
			);
			dependencies = (
			);
			name = "Ensayos-CL";
			productName = "Ensayos-CL";
			productReference = 286CD22F1BF1133A009BBD7F /* Ensayos-CL */;
			productType = "com.apple.product-type.tool";
		};
/* End PBXNativeTarget section */

/* Begin PBXProject section */
		286CD2271BF1133A009BBD7F /* Project object */ = {
			isa = PBXProject;
			attributes = {
				LastUpgradeCheck = 0710;
				ORGANIZATIONNAME = "Carlos Pérez";
				TargetAttributes = {
					286CD22E1BF1133A009BBD7F = {
						CreatedOnToolsVersion = 7.1;
					};
				};
			};
			buildConfigurationList = 286CD22A1BF1133A009BBD7F /* Build configuration list for PBXProject "Ensayos-CL" */;
			compatibilityVersion = "Xcode 3.2";
			developmentRegion = English;
			hasScannedForEncodings = 0;
			knownRegions = (
				en,
			);
			mainGroup = 286CD2261BF1133A009BBD7F;
			productRefGroup = 286CD2301BF1133A009BBD7F /* Products */;
			projectDirPath = "";
			projectRoot = "";
			targets = (
				286CD22E1BF1133A009BBD7F /* Ensayos-CL */,
			);
		};
/* End PBXProject section */

/* Begin PBXSourcesBuildPhase section */
		286CD22B1BF1133A009BBD7F /* Sources */ = {
			isa = PBXSourcesBuildPhase;
			buildActionMask = 2147483647;
			files = (
				286CD2331BF1133A009BBD7F /* main.cpp in Sources */,
				286CD23B1BF12507009BBD7F /* io.cpp in Sources */,
			);
			runOnlyForDeploymentPostprocessing = 0;
		};
/* End PBXSourcesBuildPhase section */

/* Begin XCBuildConfiguration section */
		286CD2341BF1133A009BBD7F /* Debug */ = {
			isa = XCBuildConfiguration;
			buildSettings = {
				ALWAYS_SEARCH_USER_PATHS = NO;
				CLANG_CXX_LANGUAGE_STANDARD = "gnu++0x";
				CLANG_CXX_LIBRARY = "libc++";
				CLANG_ENABLE_MODULES = YES;
				CLANG_ENABLE_OBJC_ARC = YES;
				CLANG_WARN_BOOL_CONVERSION = YES;
				CLANG_WARN_CONSTANT_CONVERSION = YES;
				CLANG_WARN_DIRECT_OBJC_ISA_USAGE = YES_ERROR;
				CLANG_WARN_EMPTY_BODY = YES;
				CLANG_WARN_ENUM_CONVERSION = YES;
				CLANG_WARN_INT_CONVERSION = YES;
				CLANG_WARN_OBJC_ROOT_CLASS = YES_ERROR;
				CLANG_WARN_UNREACHABLE_CODE = YES;
				CLANG_WARN__DUPLICATE_METHOD_MATCH = YES;
				CODE_SIGN_IDENTITY = "-";
				COPY_PHASE_STRIP = NO;
				DEBUG_INFORMATION_FORMAT = dwarf;
				ENABLE_STRICT_OBJC_MSGSEND = YES;
				ENABLE_TESTABILITY = YES;
				GCC_C_LANGUAGE_STANDARD = gnu99;
				GCC_DYNAMIC_NO_PIC = NO;
				GCC_NO_COMMON_BLOCKS = YES;
				GCC_OPTIMIZATION_LEVEL = 0;
				GCC_PREPROCESSOR_DEFINITIONS = (
					"DEBUG=1",
					"$(inherited)",
				);
				GCC_WARN_64_TO_32_BIT_CONVERSION = YES;
				GCC_WARN_ABOUT_RETURN_TYPE = YES_ERROR;
				GCC_WARN_UNDECLARED_SELECTOR = YES;
				GCC_WARN_UNINITIALIZED_AUTOS = YES_AGGRESSIVE;
				GCC_WARN_UNUSED_FUNCTION = YES;
				GCC_WARN_UNUSED_VARIABLE = YES;
				MACOSX_DEPLOYMENT_TARGET = 10.11;
				MTL_ENABLE_DEBUG_INFO = YES;
				ONLY_ACTIVE_ARCH = YES;
				SDKROOT = macosx;
			};
			name = Debug;
		};
		286CD2351BF1133A009BBD7F /* Release */ = {
			isa = XCBuildConfiguration;
			buildSettings = {
				ALWAYS_SEARCH_USER_PATHS = NO;
				CLANG_CXX_LANGUAGE_STANDARD = "gnu++0x";
				CLANG_CXX_LIBRARY = "libc++";
				CLANG_ENABLE_MODULES = YES;
				CLANG_ENABLE_OBJC_ARC = YES;
				CLANG_WARN_BOOL_CONVERSION = YES;
				CLANG_WARN_CONSTANT_CONVERSION = YES;
				CLANG_WARN_DIRECT_OBJC_ISA_USAGE = YES_ERROR;
				CLANG_WARN_EMPTY_BODY = YES;
				CLANG_WARN_ENUM_CONVERSION = YES;
				CLANG_WARN_INT_CONVERSION = YES;
				CLANG_WARN_OBJC_ROOT_CLASS = YES_ERROR;
				CLANG_WARN_UNREACHABLE_CODE = YES;
				CLANG_WARN__DUPLICATE_METHOD_MATCH = YES;
				CODE_SIGN_IDENTITY = "-";
				COPY_PHASE_STRIP = NO;
				DEBUG_INFORMATION_FORMAT = "dwarf-with-dsym";
				ENABLE_NS_ASSERTIONS = NO;
				ENABLE_STRICT_OBJC_MSGSEND = YES;
				GCC_C_LANGUAGE_STANDARD = gnu99;
				GCC_NO_COMMON_BLOCKS = YES;
				GCC_WARN_64_TO_32_BIT_CONVERSION = YES;
				GCC_WARN_ABOUT_RETURN_TYPE = YES_ERROR;
				GCC_WARN_UNDECLARED_SELECTOR = YES;
				GCC_WARN_UNINITIALIZED_AUTOS = YES_AGGRESSIVE;
				GCC_WARN_UNUSED_FUNCTION = YES;
				GCC_WARN_UNUSED_VARIABLE = YES;
				MACOSX_DEPLOYMENT_TARGET = 10.11;
				MTL_ENABLE_DEBUG_INFO = NO;
				SDKROOT = macosx;
			};
			name = Release;
		};
		286CD2371BF1133A009BBD7F /* Debug */ = {
			isa = XCBuildConfiguration;
			buildSettings = {
				PRODUCT_NAME = "$(TARGET_NAME)";
			};
			name = Debug;
		};
		286CD2381BF1133A009BBD7F /* Release */ = {
			isa = XCBuildConfiguration;
			buildSettings = {
				ONLY_ACTIVE_ARCH = YES;
				PRODUCT_NAME = "$(TARGET_NAME)";
			};
			name = Release;
		};
/* End XCBuildConfiguration section */

/* Begin XCConfigurationList section */
		286CD22A1BF1133A009BBD7F /* Build configuration list for PBXProject "Ensayos-CL" */ = {
			isa = XCConfigurationList;
			buildConfigurations = (
				286CD2341BF1133A009BBD7F /* Debug */,
				286CD2351BF1133A009BBD7F /* Release */,
			);
			defaultConfigurationIsVisible = 0;
			defaultConfigurationName = Release;
		};
		286CD2361BF1133A009BBD7F /* Build configuration list for PBXNativeTarget "Ensayos-CL" */ = {
			isa = XCConfigurationList;
			buildConfigurations = (
				286CD2371BF1133A009BBD7F /* Debug */,
				286CD2381BF1133A009BBD7F /* Release */,
			);
			defaultConfigurationIsVisible = 0;
		};
/* End XCConfigurationList section */
	};
	rootObject = 286CD2271BF1133A009BBD7F /* Project object */;
}
